
Microsoft Visual Studio Solution File, Format Version 12.00
# Visual Studio Version 16
VisualStudioVersion = 16.0.31410.357
MinimumVisualStudioVersion = 10.0.40219.1
Project("{FAE04EC0-301F-11D3-BF4B-00C04F79EFBC}") = "Migrations.Web", "Migrations.Web\Migrations.Web.csproj", "{DAC109F1-48D9-4402-9D97-F1E4CC872037}"
EndProject
Global
	GlobalSection(SolutionConfigurationPlatforms) = preSolution
		Debug|Any CPU = Debug|Any CPU
		Release|Any CPU = Release|Any CPU
	EndGlobalSection
	GlobalSection(ProjectConfigurationPlatforms) = postSolution
		{DAC109F1-48D9-4402-9D97-F1E4CC872037}.Debug|Any CPU.ActiveCfg = Debug|Any CPU
		{DAC109F1-48D9-4402-9D97-F1E4CC872037}.Debug|Any CPU.Build.0 = Debug|Any CPU
		{DAC109F1-48D9-4402-9D97-F1E4CC872037}.Release|Any CPU.ActiveCfg = Release|Any CPU
		{DAC109F1-48D9-4402-9D97-F1E4CC872037}.Release|Any CPU.Build.0 = Release|Any CPU
	EndGlobalSection
	GlobalSection(SolutionProperties) = preSolution
		HideSolutionNode = FALSE
	EndGlobalSection
	GlobalSection(ExtensibilityGlobals) = postSolution
		SolutionGuid = {5B78170B-4709-40DD-856F-23F38FC369A7}
	EndGlobalSection
EndGlobal
